
Microsoft Visual Studio Solution File, Format Version 12.00
# Visual Studio Version 17
VisualStudioVersion = 17.14.36429.23 d17.14
MinimumVisualStudioVersion = 10.0.40219.1
Project("{FAE04EC0-301F-11D3-BF4B-00C04F79EFBC}") = "АспЛекция3", "АспЛекция3\АспЛекция3.csproj", "{A1C8F74C-20F6-473C-8748-A8B5B455B60A}"
EndProject
Global
	GlobalSection(SolutionConfigurationPlatforms) = preSolution
		Debug|Any CPU = Debug|Any CPU
		Release|Any CPU = Release|Any CPU
	EndGlobalSection
	GlobalSection(ProjectConfigurationPlatforms) = postSolution
		{A1C8F74C-20F6-473C-8748-A8B5B455B60A}.Debug|Any CPU.ActiveCfg = Debug|Any CPU
		{A1C8F74C-20F6-473C-8748-A8B5B455B60A}.Debug|Any CPU.Build.0 = Debug|Any CPU
		{A1C8F74C-20F6-473C-8748-A8B5B455B60A}.Release|Any CPU.ActiveCfg = Release|Any CPU
		{A1C8F74C-20F6-473C-8748-A8B5B455B60A}.Release|Any CPU.Build.0 = Release|Any CPU
	EndGlobalSection
	GlobalSection(SolutionProperties) = preSolution
		HideSolutionNode = FALSE
	EndGlobalSection
	GlobalSection(ExtensibilityGlobals) = postSolution
		SolutionGuid = {2622823F-1CB8-4914-9FE9-44EEB18E5E82}
	EndGlobalSection
EndGlobal
